
Microsoft Visual Studio Solution File, Format Version 12.00
# Visual Studio 15
VisualStudioVersion = 15.0.27428.2015
MinimumVisualStudioVersion = 10.0.40219.1
Project("{FAE04EC0-301F-11D3-BF4B-00C04F79EFBC}") = "rdk.kaamelott.Android", "rdk.kaamelott\rdk.kaamelott.Android\rdk.kaamelott.Android.csproj", "{812D5920-D1C5-4C7F-B2D5-0B560FFE4C22}"
EndProject
Project("{FAE04EC0-301F-11D3-BF4B-00C04F79EFBC}") = "rdk.kaamelott.iOS", "rdk.kaamelott\rdk.kaamelott.iOS\rdk.kaamelott.iOS.csproj", "{9B83C161-BD6D-4EAC-9A95-8E05E639946C}"
EndProject
Project("{FAE04EC0-301F-11D3-BF4B-00C04F79EFBC}") = "rdk.kaamelott.UWP", "rdk.kaamelott\rdk.kaamelott.UWP\rdk.kaamelott.UWP.csproj", "{8EC5DACC-7297-4ECE-BB6C-24E8A7E0DE7D}"
EndProject
Project("{FAE04EC0-301F-11D3-BF4B-00C04F79EFBC}") = "rdk.kaamelott", "rdk.kaamelott\rdk.kaamelott\rdk.kaamelott.csproj", "{D272879C-EB03-4F47-AFB8-AAABA3C9883B}"
EndProject
Global
	GlobalSection(SolutionConfigurationPlatforms) = preSolution
		Ad-Hoc|Any CPU = Ad-Hoc|Any CPU
		Ad-Hoc|ARM = Ad-Hoc|ARM
		Ad-Hoc|iPhone = Ad-Hoc|iPhone
		Ad-Hoc|iPhoneSimulator = Ad-Hoc|iPhoneSimulator
		Ad-Hoc|x64 = Ad-Hoc|x64
		Ad-Hoc|x86 = Ad-Hoc|x86
		AppStore|Any CPU = AppStore|Any CPU
		AppStore|ARM = AppStore|ARM
		AppStore|iPhone = AppStore|iPhone
		AppStore|iPhoneSimulator = AppStore|iPhoneSimulator
		AppStore|x64 = AppStore|x64
		AppStore|x86 = AppStore|x86
		Debug|Any CPU = Debug|Any CPU
		Debug|ARM = Debug|ARM
		Debug|iPhone = Debug|iPhone
		Debug|iPhoneSimulator = Debug|iPhoneSimulator
		Debug|x64 = Debug|x64
		Debug|x86 = Debug|x86
		Release|Any CPU = Release|Any CPU
		Release|ARM = Release|ARM
		Release|iPhone = Release|iPhone
		Release|iPhoneSimulator = Release|iPhoneSimulator
		Release|x64 = Release|x64
		Release|x86 = Release|x86
	EndGlobalSection
	GlobalSection(ProjectConfigurationPlatforms) = postSolution
		{812D5920-D1C5-4C7F-B2D5-0B560FFE4C22}.Ad-Hoc|Any CPU.ActiveCfg = Release|Any CPU
		{812D5920-D1C5-4C7F-B2D5-0B560FFE4C22}.Ad-Hoc|Any CPU.Build.0 = Release|Any CPU
		{812D5920-D1C5-4C7F-B2D5-0B560FFE4C22}.Ad-Hoc|Any CPU.Deploy.0 = Release|Any CPU
		{812D5920-D1C5-4C7F-B2D5-0B560FFE4C22}.Ad-Hoc|ARM.ActiveCfg = Release|Any CPU
		{812D5920-D1C5-4C7F-B2D5-0B560FFE4C22}.Ad-Hoc|ARM.Build.0 = Release|Any CPU
		{812D5920-D1C5-4C7F-B2D5-0B560FFE4C22}.Ad-Hoc|ARM.Deploy.0 = Release|Any CPU
		{812D5920-D1C5-4C7F-B2D5-0B560FFE4C22}.Ad-Hoc|iPhone.ActiveCfg = Release|Any CPU
		{812D5920-D1C5-4C7F-B2D5-0B560FFE4C22}.Ad-Hoc|iPhone.Build.0 = Release|Any CPU
		{812D5920-D1C5-4C7F-B2D5-0B560FFE4C22}.Ad-Hoc|iPhone.Deploy.0 = Release|Any CPU
		{812D5920-D1C5-4C7F-B2D5-0B560FFE4C22}.Ad-Hoc|iPhoneSimulator.ActiveCfg = Release|Any CPU
		{812D5920-D1C5-4C7F-B2D5-0B560FFE4C22}.Ad-Hoc|iPhoneSimulator.Build.0 = Release|Any CPU
		{812D5920-D1C5-4C7F-B2D5-0B560FFE4C22}.Ad-Hoc|iPhoneSimulator.Deploy.0 = Release|Any CPU
		{812D5920-D1C5-4C7F-B2D5-0B560FFE4C22}.Ad-Hoc|x64.ActiveCfg = Release|Any CPU
		{812D5920-D1C5-4C7F-B2D5-0B560FFE4C22}.Ad-Hoc|x64.Build.0 = Release|Any CPU
		{812D5920-D1C5-4C7F-B2D5-0B560FFE4C22}.Ad-Hoc|x64.Deploy.0 = Release|Any CPU
		{812D5920-D1C5-4C7F-B2D5-0B560FFE4C22}.Ad-Hoc|x86.ActiveCfg = Release|Any CPU
		{812D5920-D1C5-4C7F-B2D5-0B560FFE4C22}.Ad-Hoc|x86.Build.0 = Release|Any CPU
		{812D5920-D1C5-4C7F-B2D5-0B560FFE4C22}.Ad-Hoc|x86.Deploy.0 = Release|Any CPU
		{812D5920-D1C5-4C7F-B2D5-0B560FFE4C22}.AppStore|Any CPU.ActiveCfg = Release|Any CPU
		{812D5920-D1C5-4C7F-B2D5-0B560FFE4C22}.AppStore|Any CPU.Build.0 = Release|Any CPU
		{812D5920-D1C5-4C7F-B2D5-0B560FFE4C22}.AppStore|Any CPU.Deploy.0 = Release|Any CPU
		{812D5920-D1C5-4C7F-B2D5-0B560FFE4C22}.AppStore|ARM.ActiveCfg = Release|Any CPU
		{812D5920-D1C5-4C7F-B2D5-0B560FFE4C22}.AppStore|ARM.Build.0 = Release|Any CPU
		{812D5920-D1C5-4C7F-B2D5-0B560FFE4C22}.AppStore|ARM.Deploy.0 = Release|Any CPU
		{812D5920-D1C5-4C7F-B2D5-0B560FFE4C22}.AppStore|iPhone.ActiveCfg = Release|Any CPU
		{812D5920-D1C5-4C7F-B2D5-0B560FFE4C22}.AppStore|iPhone.Build.0 = Release|Any CPU
		{812D5920-D1C5-4C7F-B2D5-0B560FFE4C22}.AppStore|iPhone.Deploy.0 = Release|Any CPU
		{812D5920-D1C5-4C7F-B2D5-0B560FFE4C22}.AppStore|iPhoneSimulator.ActiveCfg = Release|Any CPU
		{812D5920-D1C5-4C7F-B2D5-0B560FFE4C22}.AppStore|iPhoneSimulator.Build.0 = Release|Any CPU
		{812D5920-D1C5-4C7F-B2D5-0B560FFE4C22}.AppStore|iPhoneSimulator.Deploy.0 = Release|Any CPU
		{812D5920-D1C5-4C7F-B2D5-0B560FFE4C22}.AppStore|x64.ActiveCfg = Release|Any CPU
		{812D5920-D1C5-4C7F-B2D5-0B560FFE4C22}.AppStore|x64.Build.0 = Release|Any CPU
		{812D5920-D1C5-4C7F-B2D5-0B560FFE4C22}.AppStore|x64.Deploy.0 = Release|Any CPU
		{812D5920-D1C5-4C7F-B2D5-0B560FFE4C22}.AppStore|x86.ActiveCfg = Release|Any CPU
		{812D5920-D1C5-4C7F-B2D5-0B560FFE4C22}.AppStore|x86.Build.0 = Release|Any CPU
		{812D5920-D1C5-4C7F-B2D5-0B560FFE4C22}.AppStore|x86.Deploy.0 = Release|Any CPU
		{812D5920-D1C5-4C7F-B2D5-0B560FFE4C22}.Debug|Any CPU.ActiveCfg = Debug|Any CPU
		{812D5920-D1C5-4C7F-B2D5-0B560FFE4C22}.Debug|Any CPU.Build.0 = Debug|Any CPU
		{812D5920-D1C5-4C7F-B2D5-0B560FFE4C22}.Debug|Any CPU.Deploy.0 = Debug|Any CPU
		{812D5920-D1C5-4C7F-B2D5-0B560FFE4C22}.Debug|ARM.ActiveCfg = Debug|Any CPU
		{812D5920-D1C5-4C7F-B2D5-0B560FFE4C22}.Debug|ARM.Build.0 = Debug|Any CPU
		{812D5920-D1C5-4C7F-B2D5-0B560FFE4C22}.Debug|ARM.Deploy.0 = Debug|Any CPU
		{812D5920-D1C5-4C7F-B2D5-0B560FFE4C22}.Debug|iPhone.ActiveCfg = Debug|Any CPU
		{812D5920-D1C5-4C7F-B2D5-0B560FFE4C22}.Debug|iPhone.Build.0 = Debug|Any CPU
		{812D5920-D1C5-4C7F-B2D5-0B560FFE4C22}.Debug|iPhone.Deploy.0 = Debug|Any CPU
		{812D5920-D1C5-4C7F-B2D5-0B560FFE4C22}.Debug|iPhoneSimulator.ActiveCfg = Debug|Any CPU
		{812D5920-D1C5-4C7F-B2D5-0B560FFE4C22}.Debug|iPhoneSimulator.Build.0 = Debug|Any CPU
		{812D5920-D1C5-4C7F-B2D5-0B560FFE4C22}.Debug|iPhoneSimulator.Deploy.0 = Debug|Any CPU
		{812D5920-D1C5-4C7F-B2D5-0B560FFE4C22}.Debug|x64.ActiveCfg = Debug|Any CPU
		{812D5920-D1C5-4C7F-B2D5-0B560FFE4C22}.Debug|x64.Build.0 = Debug|Any CPU
		{812D5920-D1C5-4C7F-B2D5-0B560FFE4C22}.Debug|x64.Deploy.0 = Debug|Any CPU
		{812D5920-D1C5-4C7F-B2D5-0B560FFE4C22}.Debug|x86.ActiveCfg = Debug|Any CPU
		{812D5920-D1C5-4C7F-B2D5-0B560FFE4C22}.Debug|x86.Build.0 = Debug|Any CPU
		{812D5920-D1C5-4C7F-B2D5-0B560FFE4C22}.Debug|x86.Deploy.0 = Debug|Any CPU
		{812D5920-D1C5-4C7F-B2D5-0B560FFE4C22}.Release|Any CPU.ActiveCfg = Release|Any CPU
		{812D5920-D1C5-4C7F-B2D5-0B560FFE4C22}.Release|Any CPU.Build.0 = Release|Any CPU
		{812D5920-D1C5-4C7F-B2D5-0B560FFE4C22}.Release|Any CPU.Deploy.0 = Release|Any CPU
		{812D5920-D1C5-4C7F-B2D5-0B560FFE4C22}.Release|ARM.ActiveCfg = Release|Any CPU
		{812D5920-D1C5-4C7F-B2D5-0B560FFE4C22}.Release|ARM.Build.0 = Release|Any CPU
		{812D5920-D1C5-4C7F-B2D5-0B560FFE4C22}.Release|ARM.Deploy.0 = Release|Any CPU
		{812D5920-D1C5-4C7F-B2D5-0B560FFE4C22}.Release|iPhone.ActiveCfg = Release|Any CPU
		{812D5920-D1C5-4C7F-B2D5-0B560FFE4C22}.Release|iPhone.Build.0 = Release|Any CPU
		{812D5920-D1C5-4C7F-B2D5-0B560FFE4C22}.Release|iPhone.Deploy.0 = Release|Any CPU
		{812D5920-D1C5-4C7F-B2D5-0B560FFE4C22}.Release|iPhoneSimulator.ActiveCfg = Release|Any CPU
		{812D5920-D1C5-4C7F-B2D5-0B560FFE4C22}.Release|iPhoneSimulator.Build.0 = Release|Any CPU
		{812D5920-D1C5-4C7F-B2D5-0B560FFE4C22}.Release|iPhoneSimulator.Deploy.0 = Release|Any CPU
		{812D5920-D1C5-4C7F-B2D5-0B560FFE4C22}.Release|x64.ActiveCfg = Release|Any CPU
		{812D5920-D1C5-4C7F-B2D5-0B560FFE4C22}.Release|x64.Build.0 = Release|Any CPU
		{812D5920-D1C5-4C7F-B2D5-0B560FFE4C22}.Release|x64.Deploy.0 = Release|Any CPU
		{812D5920-D1C5-4C7F-B2D5-0B560FFE4C22}.Release|x86.ActiveCfg = Release|Any CPU
		{812D5920-D1C5-4C7F-B2D5-0B560FFE4C22}.Release|x86.Build.0 = Release|Any CPU
		{812D5920-D1C5-4C7F-B2D5-0B560FFE4C22}.Release|x86.Deploy.0 = Release|Any CPU
		{9B83C161-BD6D-4EAC-9A95-8E05E639946C}.Ad-Hoc|Any CPU.ActiveCfg = Ad-Hoc|iPhone
		{9B83C161-BD6D-4EAC-9A95-8E05E639946C}.Ad-Hoc|ARM.ActiveCfg = Ad-Hoc|iPhone
		{9B83C161-BD6D-4EAC-9A95-8E05E639946C}.Ad-Hoc|iPhone.ActiveCfg = Ad-Hoc|iPhone
		{9B83C161-BD6D-4EAC-9A95-8E05E639946C}.Ad-Hoc|iPhone.Build.0 = Ad-Hoc|iPhone
		{9B83C161-BD6D-4EAC-9A95-8E05E639946C}.Ad-Hoc|iPhoneSimulator.ActiveCfg = Ad-Hoc|iPhoneSimulator
		{9B83C161-BD6D-4EAC-9A95-8E05E639946C}.Ad-Hoc|iPhoneSimulator.Build.0 = Ad-Hoc|iPhoneSimulator
		{9B83C161-BD6D-4EAC-9A95-8E05E639946C}.Ad-Hoc|x64.ActiveCfg = Ad-Hoc|iPhone
		{9B83C161-BD6D-4EAC-9A95-8E05E639946C}.Ad-Hoc|x86.ActiveCfg = Ad-Hoc|iPhone
		{9B83C161-BD6D-4EAC-9A95-8E05E639946C}.AppStore|Any CPU.ActiveCfg = AppStore|iPhone
		{9B83C161-BD6D-4EAC-9A95-8E05E639946C}.AppStore|ARM.ActiveCfg = AppStore|iPhone
		{9B83C161-BD6D-4EAC-9A95-8E05E639946C}.AppStore|iPhone.ActiveCfg = AppStore|iPhone
		{9B83C161-BD6D-4EAC-9A95-8E05E639946C}.AppStore|iPhone.Build.0 = AppStore|iPhone
		{9B83C161-BD6D-4EAC-9A95-8E05E639946C}.AppStore|iPhoneSimulator.ActiveCfg = AppStore|iPhoneSimulator
		{9B83C161-BD6D-4EAC-9A95-8E05E639946C}.AppStore|iPhoneSimulator.Build.0 = AppStore|iPhoneSimulator
		{9B83C161-BD6D-4EAC-9A95-8E05E639946C}.AppStore|x64.ActiveCfg = AppStore|iPhone
		{9B83C161-BD6D-4EAC-9A95-8E05E639946C}.AppStore|x86.ActiveCfg = AppStore|iPhone
		{9B83C161-BD6D-4EAC-9A95-8E05E639946C}.Debug|Any CPU.ActiveCfg = Debug|iPhone
		{9B83C161-BD6D-4EAC-9A95-8E05E639946C}.Debug|ARM.ActiveCfg = Debug|iPhone
		{9B83C161-BD6D-4EAC-9A95-8E05E639946C}.Debug|iPhone.ActiveCfg = Debug|iPhone
		{9B83C161-BD6D-4EAC-9A95-8E05E639946C}.Debug|iPhone.Build.0 = Debug|iPhone
		{9B83C161-BD6D-4EAC-9A95-8E05E639946C}.Debug|iPhoneSimulator.ActiveCfg = Debug|iPhoneSimulator
		{9B83C161-BD6D-4EAC-9A95-8E05E639946C}.Debug|iPhoneSimulator.Build.0 = Debug|iPhoneSimulator
		{9B83C161-BD6D-4EAC-9A95-8E05E639946C}.Debug|x64.ActiveCfg = Debug|iPhone
		{9B83C161-BD6D-4EAC-9A95-8E05E639946C}.Debug|x86.ActiveCfg = Debug|iPhone
		{9B83C161-BD6D-4EAC-9A95-8E05E639946C}.Release|Any CPU.ActiveCfg = Release|iPhone
		{9B83C161-BD6D-4EAC-9A95-8E05E639946C}.Release|ARM.ActiveCfg = Release|iPhone
		{9B83C161-BD6D-4EAC-9A95-8E05E639946C}.Release|iPhone.ActiveCfg = Release|iPhone
		{9B83C161-BD6D-4EAC-9A95-8E05E639946C}.Release|iPhone.Build.0 = Release|iPhone
		{9B83C161-BD6D-4EAC-9A95-8E05E639946C}.Release|iPhoneSimulator.ActiveCfg = Release|iPhoneSimulator
		{9B83C161-BD6D-4EAC-9A95-8E05E639946C}.Release|iPhoneSimulator.Build.0 = Release|iPhoneSimulator
		{9B83C161-BD6D-4EAC-9A95-8E05E639946C}.Release|x64.ActiveCfg = Release|iPhone
		{9B83C161-BD6D-4EAC-9A95-8E05E639946C}.Release|x86.ActiveCfg = Release|iPhone
		{8EC5DACC-7297-4ECE-BB6C-24E8A7E0DE7D}.Ad-Hoc|Any CPU.ActiveCfg = Release|x86
		{8EC5DACC-7297-4ECE-BB6C-24E8A7E0DE7D}.Ad-Hoc|Any CPU.Build.0 = Release|x86
		{8EC5DACC-7297-4ECE-BB6C-24E8A7E0DE7D}.Ad-Hoc|Any CPU.Deploy.0 = Release|x86
		{8EC5DACC-7297-4ECE-BB6C-24E8A7E0DE7D}.Ad-Hoc|ARM.ActiveCfg = Release|ARM
		{8EC5DACC-7297-4ECE-BB6C-24E8A7E0DE7D}.Ad-Hoc|ARM.Build.0 = Release|ARM
		{8EC5DACC-7297-4ECE-BB6C-24E8A7E0DE7D}.Ad-Hoc|ARM.Deploy.0 = Release|ARM
		{8EC5DACC-7297-4ECE-BB6C-24E8A7E0DE7D}.Ad-Hoc|iPhone.ActiveCfg = Release|x86
		{8EC5DACC-7297-4ECE-BB6C-24E8A7E0DE7D}.Ad-Hoc|iPhone.Build.0 = Release|x86
		{8EC5DACC-7297-4ECE-BB6C-24E8A7E0DE7D}.Ad-Hoc|iPhone.Deploy.0 = Release|x86
		{8EC5DACC-7297-4ECE-BB6C-24E8A7E0DE7D}.Ad-Hoc|iPhoneSimulator.ActiveCfg = Release|x86
		{8EC5DACC-7297-4ECE-BB6C-24E8A7E0DE7D}.Ad-Hoc|iPhoneSimulator.Build.0 = Release|x86
		{8EC5DACC-7297-4ECE-BB6C-24E8A7E0DE7D}.Ad-Hoc|iPhoneSimulator.Deploy.0 = Release|x86
		{8EC5DACC-7297-4ECE-BB6C-24E8A7E0DE7D}.Ad-Hoc|x64.ActiveCfg = Release|x64
		{8EC5DACC-7297-4ECE-BB6C-24E8A7E0DE7D}.Ad-Hoc|x64.Build.0 = Release|x64
		{8EC5DACC-7297-4ECE-BB6C-24E8A7E0DE7D}.Ad-Hoc|x64.Deploy.0 = Release|x64
		{8EC5DACC-7297-4ECE-BB6C-24E8A7E0DE7D}.Ad-Hoc|x86.ActiveCfg = Release|x86
		{8EC5DACC-7297-4ECE-BB6C-24E8A7E0DE7D}.Ad-Hoc|x86.Build.0 = Release|x86
		{8EC5DACC-7297-4ECE-BB6C-24E8A7E0DE7D}.Ad-Hoc|x86.Deploy.0 = Release|x86
		{8EC5DACC-7297-4ECE-BB6C-24E8A7E0DE7D}.AppStore|Any CPU.ActiveCfg = Release|x86
		{8EC5DACC-7297-4ECE-BB6C-24E8A7E0DE7D}.AppStore|Any CPU.Build.0 = Release|x86
		{8EC5DACC-7297-4ECE-BB6C-24E8A7E0DE7D}.AppStore|Any CPU.Deploy.0 = Release|x86
		{8EC5DACC-7297-4ECE-BB6C-24E8A7E0DE7D}.AppStore|ARM.ActiveCfg = Release|ARM
		{8EC5DACC-7297-4ECE-BB6C-24E8A7E0DE7D}.AppStore|ARM.Build.0 = Release|ARM
		{8EC5DACC-7297-4ECE-BB6C-24E8A7E0DE7D}.AppStore|ARM.Deploy.0 = Release|ARM
		{8EC5DACC-7297-4ECE-BB6C-24E8A7E0DE7D}.AppStore|iPhone.ActiveCfg = Release|x86
		{8EC5DACC-7297-4ECE-BB6C-24E8A7E0DE7D}.AppStore|iPhone.Build.0 = Release|x86
		{8EC5DACC-7297-4ECE-BB6C-24E8A7E0DE7D}.AppStore|iPhone.Deploy.0 = Release|x86
		{8EC5DACC-7297-4ECE-BB6C-24E8A7E0DE7D}.AppStore|iPhoneSimulator.ActiveCfg = Release|x86
		{8EC5DACC-7297-4ECE-BB6C-24E8A7E0DE7D}.AppStore|iPhoneSimulator.Build.0 = Release|x86
		{8EC5DACC-7297-4ECE-BB6C-24E8A7E0DE7D}.AppStore|iPhoneSimulator.Deploy.0 = Release|x86
		{8EC5DACC-7297-4ECE-BB6C-24E8A7E0DE7D}.AppStore|x64.ActiveCfg = Release|x64
		{8EC5DACC-7297-4ECE-BB6C-24E8A7E0DE7D}.AppStore|x64.Build.0 = Release|x64
		{8EC5DACC-7297-4ECE-BB6C-24E8A7E0DE7D}.AppStore|x64.Deploy.0 = Release|x64
		{8EC5DACC-7297-4ECE-BB6C-24E8A7E0DE7D}.AppStore|x86.ActiveCfg = Release|x86
		{8EC5DACC-7297-4ECE-BB6C-24E8A7E0DE7D}.AppStore|x86.Build.0 = Release|x86
		{8EC5DACC-7297-4ECE-BB6C-24E8A7E0DE7D}.AppStore|x86.Deploy.0 = Release|x86
		{8EC5DACC-7297-4ECE-BB6C-24E8A7E0DE7D}.Debug|Any CPU.ActiveCfg = Debug|x86
		{8EC5DACC-7297-4ECE-BB6C-24E8A7E0DE7D}.Debug|ARM.ActiveCfg = Debug|ARM
		{8EC5DACC-7297-4ECE-BB6C-24E8A7E0DE7D}.Debug|ARM.Build.0 = Debug|ARM
		{8EC5DACC-7297-4ECE-BB6C-24E8A7E0DE7D}.Debug|ARM.Deploy.0 = Debug|ARM
		{8EC5DACC-7297-4ECE-BB6C-24E8A7E0DE7D}.Debug|iPhone.ActiveCfg = Debug|x86
		{8EC5DACC-7297-4ECE-BB6C-24E8A7E0DE7D}.Debug|iPhoneSimulator.ActiveCfg = Debug|x86
		{8EC5DACC-7297-4ECE-BB6C-24E8A7E0DE7D}.Debug|x64.ActiveCfg = Debug|x64
		{8EC5DACC-7297-4ECE-BB6C-24E8A7E0DE7D}.Debug|x64.Build.0 = Debug|x64
		{8EC5DACC-7297-4ECE-BB6C-24E8A7E0DE7D}.Debug|x64.Deploy.0 = Debug|x64
		{8EC5DACC-7297-4ECE-BB6C-24E8A7E0DE7D}.Debug|x86.ActiveCfg = Debug|x86
		{8EC5DACC-7297-4ECE-BB6C-24E8A7E0DE7D}.Debug|x86.Build.0 = Debug|x86
		{8EC5DACC-7297-4ECE-BB6C-24E8A7E0DE7D}.Debug|x86.Deploy.0 = Debug|x86
		{8EC5DACC-7297-4ECE-BB6C-24E8A7E0DE7D}.Release|Any CPU.ActiveCfg = Release|x86
		{8EC5DACC-7297-4ECE-BB6C-24E8A7E0DE7D}.Release|ARM.ActiveCfg = Release|ARM
		{8EC5DACC-7297-4ECE-BB6C-24E8A7E0DE7D}.Release|ARM.Build.0 = Release|ARM
		{8EC5DACC-7297-4ECE-BB6C-24E8A7E0DE7D}.Release|ARM.Deploy.0 = Release|ARM
		{8EC5DACC-7297-4ECE-BB6C-24E8A7E0DE7D}.Release|iPhone.ActiveCfg = Release|x86
		{8EC5DACC-7297-4ECE-BB6C-24E8A7E0DE7D}.Release|iPhoneSimulator.ActiveCfg = Release|x86
		{8EC5DACC-7297-4ECE-BB6C-24E8A7E0DE7D}.Release|x64.ActiveCfg = Release|x64
		{8EC5DACC-7297-4ECE-BB6C-24E8A7E0DE7D}.Release|x64.Build.0 = Release|x64
		{8EC5DACC-7297-4ECE-BB6C-24E8A7E0DE7D}.Release|x64.Deploy.0 = Release|x64
		{8EC5DACC-7297-4ECE-BB6C-24E8A7E0DE7D}.Release|x86.ActiveCfg = Release|x86
		{8EC5DACC-7297-4ECE-BB6C-24E8A7E0DE7D}.Release|x86.Build.0 = Release|x86
		{8EC5DACC-7297-4ECE-BB6C-24E8A7E0DE7D}.Release|x86.Deploy.0 = Release|x86
		{D272879C-EB03-4F47-AFB8-AAABA3C9883B}.Ad-Hoc|Any CPU.ActiveCfg = Debug|Any CPU
		{D272879C-EB03-4F47-AFB8-AAABA3C9883B}.Ad-Hoc|Any CPU.Build.0 = Debug|Any CPU
		{D272879C-EB03-4F47-AFB8-AAABA3C9883B}.Ad-Hoc|ARM.ActiveCfg = Debug|Any CPU
		{D272879C-EB03-4F47-AFB8-AAABA3C9883B}.Ad-Hoc|ARM.Build.0 = Debug|Any CPU
		{D272879C-EB03-4F47-AFB8-AAABA3C9883B}.Ad-Hoc|iPhone.ActiveCfg = Debug|Any CPU
		{D272879C-EB03-4F47-AFB8-AAABA3C9883B}.Ad-Hoc|iPhone.Build.0 = Debug|Any CPU
		{D272879C-EB03-4F47-AFB8-AAABA3C9883B}.Ad-Hoc|iPhoneSimulator.ActiveCfg = Debug|Any CPU
		{D272879C-EB03-4F47-AFB8-AAABA3C9883B}.Ad-Hoc|iPhoneSimulator.Build.0 = Debug|Any CPU
		{D272879C-EB03-4F47-AFB8-AAABA3C9883B}.Ad-Hoc|x64.ActiveCfg = Debug|Any CPU
		{D272879C-EB03-4F47-AFB8-AAABA3C9883B}.Ad-Hoc|x64.Build.0 = Debug|Any CPU
		{D272879C-EB03-4F47-AFB8-AAABA3C9883B}.Ad-Hoc|x86.ActiveCfg = Debug|Any CPU
		{D272879C-EB03-4F47-AFB8-AAABA3C9883B}.Ad-Hoc|x86.Build.0 = Debug|Any CPU
		{D272879C-EB03-4F47-AFB8-AAABA3C9883B}.AppStore|Any CPU.ActiveCfg = Debug|Any CPU
		{D272879C-EB03-4F47-AFB8-AAABA3C9883B}.AppStore|Any CPU.Build.0 = Debug|Any CPU
		{D272879C-EB03-4F47-AFB8-AAABA3C9883B}.AppStore|ARM.ActiveCfg = Debug|Any CPU
		{D272879C-EB03-4F47-AFB8-AAABA3C9883B}.AppStore|ARM.Build.0 = Debug|Any CPU
		{D272879C-EB03-4F47-AFB8-AAABA3C9883B}.AppStore|iPhone.ActiveCfg = Debug|Any CPU
		{D272879C-EB03-4F47-AFB8-AAABA3C9883B}.AppStore|iPhone.Build.0 = Debug|Any CPU
		{D272879C-EB03-4F47-AFB8-AAABA3C9883B}.AppStore|iPhoneSimulator.ActiveCfg = Debug|Any CPU
		{D272879C-EB03-4F47-AFB8-AAABA3C9883B}.AppStore|iPhoneSimulator.Build.0 = Debug|Any CPU
		{D272879C-EB03-4F47-AFB8-AAABA3C9883B}.AppStore|x64.ActiveCfg = Debug|Any CPU
		{D272879C-EB03-4F47-AFB8-AAABA3C9883B}.AppStore|x64.Build.0 = Debug|Any CPU
		{D272879C-EB03-4F47-AFB8-AAABA3C9883B}.AppStore|x86.ActiveCfg = Debug|Any CPU
		{D272879C-EB03-4F47-AFB8-AAABA3C9883B}.AppStore|x86.Build.0 = Debug|Any CPU
		{D272879C-EB03-4F47-AFB8-AAABA3C9883B}.Debug|Any CPU.ActiveCfg = Debug|Any CPU
		{D272879C-EB03-4F47-AFB8-AAABA3C9883B}.Debug|Any CPU.Build.0 = Debug|Any CPU
		{D272879C-EB03-4F47-AFB8-AAABA3C9883B}.Debug|ARM.ActiveCfg = Debug|Any CPU
		{D272879C-EB03-4F47-AFB8-AAABA3C9883B}.Debug|ARM.Build.0 = Debug|Any CPU
		{D272879C-EB03-4F47-AFB8-AAABA3C9883B}.Debug|iPhone.ActiveCfg = Debug|Any CPU
		{D272879C-EB03-4F47-AFB8-AAABA3C9883B}.Debug|iPhone.Build.0 = Debug|Any CPU
		{D272879C-EB03-4F47-AFB8-AAABA3C9883B}.Debug|iPhoneSimulator.ActiveCfg = Debug|Any CPU
		{D272879C-EB03-4F47-AFB8-AAABA3C9883B}.Debug|iPhoneSimulator.Build.0 = Debug|Any CPU
		{D272879C-EB03-4F47-AFB8-AAABA3C9883B}.Debug|x64.ActiveCfg = Debug|Any CPU
		{D272879C-EB03-4F47-AFB8-AAABA3C9883B}.Debug|x64.Build.0 = Debug|Any CPU
		{D272879C-EB03-4F47-AFB8-AAABA3C9883B}.Debug|x86.ActiveCfg = Debug|Any CPU
		{D272879C-EB03-4F47-AFB8-AAABA3C9883B}.Debug|x86.Build.0 = Debug|Any CPU
		{D272879C-EB03-4F47-AFB8-AAABA3C9883B}.Release|Any CPU.ActiveCfg = Release|Any CPU
		{D272879C-EB03-4F47-AFB8-AAABA3C9883B}.Release|Any CPU.Build.0 = Release|Any CPU
		{D272879C-EB03-4F47-AFB8-AAABA3C9883B}.Release|ARM.ActiveCfg = Release|Any CPU
		{D272879C-EB03-4F47-AFB8-AAABA3C9883B}.Release|ARM.Build.0 = Release|Any CPU
		{D272879C-EB03-4F47-AFB8-AAABA3C9883B}.Release|iPhone.ActiveCfg = Release|Any CPU
		{D272879C-EB03-4F47-AFB8-AAABA3C9883B}.Release|iPhone.Build.0 = Release|Any CPU
		{D272879C-EB03-4F47-AFB8-AAABA3C9883B}.Release|iPhoneSimulator.ActiveCfg = Release|Any CPU
		{D272879C-EB03-4F47-AFB8-AAABA3C9883B}.Release|iPhoneSimulator.Build.0 = Release|Any CPU
		{D272879C-EB03-4F47-AFB8-AAABA3C9883B}.Release|x64.ActiveCfg = Release|Any CPU
		{D272879C-EB03-4F47-AFB8-AAABA3C9883B}.Release|x64.Build.0 = Release|Any CPU
		{D272879C-EB03-4F47-AFB8-AAABA3C9883B}.Release|x86.ActiveCfg = Release|Any CPU
		{D272879C-EB03-4F47-AFB8-AAABA3C9883B}.Release|x86.Build.0 = Release|Any CPU
	EndGlobalSection
	GlobalSection(SolutionProperties) = preSolution
		HideSolutionNode = FALSE
	EndGlobalSection
	GlobalSection(ExtensibilityGlobals) = postSolution
		SolutionGuid = {BEBAD39B-59A1-4E9D-A2AC-8E87954ED001}
	EndGlobalSection
EndGlobal
